
Microsoft Visual Studio Solution File, Format Version 12.00
# Visual Studio Version 16
VisualStudioVersion = 16.0.29509.3
MinimumVisualStudioVersion = 15.0.26124.0
Project("{9A19103F-16F7-4668-BE54-9A1E7A4F7556}") = "API", "API\API.csproj", "{AF18AD9C-CC0D-4DAF-8773-0A8AD6F0F3BE}"
EndProject
Project("{FAE04EC0-301F-11D3-BF4B-00C04F79EFBC}") = "API.Core", "API.Core\API.Core.csproj", "{A1C68294-6644-4088-A4C7-A29260AD203F}"
EndProject
Project("{FAE04EC0-301F-11D3-BF4B-00C04F79EFBC}") = "API.Infrastructure", "API.Infrastructure\API.Infrastructure.csproj", "{89803888-550F-4D86-9E07-1D0F70C08207}"
EndProject
Global
	GlobalSection(SolutionConfigurationPlatforms) = preSolution
		Debug|Any CPU = Debug|Any CPU
		Debug|x64 = Debug|x64
		Debug|x86 = Debug|x86
		Release|Any CPU = Release|Any CPU
		Release|x64 = Release|x64
		Release|x86 = Release|x86
	EndGlobalSection
	GlobalSection(ProjectConfigurationPlatforms) = postSolution
		{AF18AD9C-CC0D-4DAF-8773-0A8AD6F0F3BE}.Debug|Any CPU.ActiveCfg = Debug|Any CPU
		{AF18AD9C-CC0D-4DAF-8773-0A8AD6F0F3BE}.Debug|Any CPU.Build.0 = Debug|Any CPU
		{AF18AD9C-CC0D-4DAF-8773-0A8AD6F0F3BE}.Debug|x64.ActiveCfg = Debug|Any CPU
		{AF18AD9C-CC0D-4DAF-8773-0A8AD6F0F3BE}.Debug|x64.Build.0 = Debug|Any CPU
		{AF18AD9C-CC0D-4DAF-8773-0A8AD6F0F3BE}.Debug|x86.ActiveCfg = Debug|Any CPU
		{AF18AD9C-CC0D-4DAF-8773-0A8AD6F0F3BE}.Debug|x86.Build.0 = Debug|Any CPU
		{AF18AD9C-CC0D-4DAF-8773-0A8AD6F0F3BE}.Release|Any CPU.ActiveCfg = Release|Any CPU
		{AF18AD9C-CC0D-4DAF-8773-0A8AD6F0F3BE}.Release|Any CPU.Build.0 = Release|Any CPU
		{AF18AD9C-CC0D-4DAF-8773-0A8AD6F0F3BE}.Release|x64.ActiveCfg = Release|Any CPU
		{AF18AD9C-CC0D-4DAF-8773-0A8AD6F0F3BE}.Release|x64.Build.0 = Release|Any CPU
		{AF18AD9C-CC0D-4DAF-8773-0A8AD6F0F3BE}.Release|x86.ActiveCfg = Release|Any CPU
		{AF18AD9C-CC0D-4DAF-8773-0A8AD6F0F3BE}.Release|x86.Build.0 = Release|Any CPU
		{A1C68294-6644-4088-A4C7-A29260AD203F}.Debug|Any CPU.ActiveCfg = Debug|Any CPU
		{A1C68294-6644-4088-A4C7-A29260AD203F}.Debug|Any CPU.Build.0 = Debug|Any CPU
		{A1C68294-6644-4088-A4C7-A29260AD203F}.Debug|x64.ActiveCfg = Debug|Any CPU
		{A1C68294-6644-4088-A4C7-A29260AD203F}.Debug|x64.Build.0 = Debug|Any CPU
		{A1C68294-6644-4088-A4C7-A29260AD203F}.Debug|x86.ActiveCfg = Debug|Any CPU
		{A1C68294-6644-4088-A4C7-A29260AD203F}.Debug|x86.Build.0 = Debug|Any CPU
		{A1C68294-6644-4088-A4C7-A29260AD203F}.Release|Any CPU.ActiveCfg = Release|Any CPU
		{A1C68294-6644-4088-A4C7-A29260AD203F}.Release|Any CPU.Build.0 = Release|Any CPU
		{A1C68294-6644-4088-A4C7-A29260AD203F}.Release|x64.ActiveCfg = Release|Any CPU
		{A1C68294-6644-4088-A4C7-A29260AD203F}.Release|x64.Build.0 = Release|Any CPU
		{A1C68294-6644-4088-A4C7-A29260AD203F}.Release|x86.ActiveCfg = Release|Any CPU
		{A1C68294-6644-4088-A4C7-A29260AD203F}.Release|x86.Build.0 = Release|Any CPU
		{89803888-550F-4D86-9E07-1D0F70C08207}.Debug|Any CPU.ActiveCfg = Debug|Any CPU
		{89803888-550F-4D86-9E07-1D0F70C08207}.Debug|Any CPU.Build.0 = Debug|Any CPU
		{89803888-550F-4D86-9E07-1D0F70C08207}.Debug|x64.ActiveCfg = Debug|Any CPU
		{89803888-550F-4D86-9E07-1D0F70C08207}.Debug|x64.Build.0 = Debug|Any CPU
		{89803888-550F-4D86-9E07-1D0F70C08207}.Debug|x86.ActiveCfg = Debug|Any CPU
		{89803888-550F-4D86-9E07-1D0F70C08207}.Debug|x86.Build.0 = Debug|Any CPU
		{89803888-550F-4D86-9E07-1D0F70C08207}.Release|Any CPU.ActiveCfg = Release|Any CPU
		{89803888-550F-4D86-9E07-1D0F70C08207}.Release|Any CPU.Build.0 = Release|Any CPU
		{89803888-550F-4D86-9E07-1D0F70C08207}.Release|x64.ActiveCfg = Release|Any CPU
		{89803888-550F-4D86-9E07-1D0F70C08207}.Release|x64.Build.0 = Release|Any CPU
		{89803888-550F-4D86-9E07-1D0F70C08207}.Release|x86.ActiveCfg = Release|Any CPU
		{89803888-550F-4D86-9E07-1D0F70C08207}.Release|x86.Build.0 = Release|Any CPU
	EndGlobalSection
	GlobalSection(SolutionProperties) = preSolution
		HideSolutionNode = FALSE
	EndGlobalSection
	GlobalSection(ExtensibilityGlobals) = postSolution
		SolutionGuid = {16CF492A-1D60-4654-8627-D72AE6865586}
	EndGlobalSection
EndGlobal
